
Microsoft Visual Studio Solution File, Format Version 12.00
# Visual Studio 15
VisualStudioVersion = 15.0.27703.2000
MinimumVisualStudioVersion = 10.0.40219.1
Project("{FAE04EC0-301F-11D3-BF4B-00C04F79EFBC}") = "ComicBookGallery", "ComicBookGallery\ComicBookGallery.csproj", "{DFDCC3DB-77D7-42CE-AC8B-94080A5CCC3A}"
EndProject
Global
	GlobalSection(SolutionConfigurationPlatforms) = preSolution
		Debug|Any CPU = Debug|Any CPU
		Release|Any CPU = Release|Any CPU
	EndGlobalSection
	GlobalSection(ProjectConfigurationPlatforms) = postSolution
		{DFDCC3DB-77D7-42CE-AC8B-94080A5CCC3A}.Debug|Any CPU.ActiveCfg = Debug|Any CPU
		{DFDCC3DB-77D7-42CE-AC8B-94080A5CCC3A}.Debug|Any CPU.Build.0 = Debug|Any CPU
		{DFDCC3DB-77D7-42CE-AC8B-94080A5CCC3A}.Release|Any CPU.ActiveCfg = Release|Any CPU
		{DFDCC3DB-77D7-42CE-AC8B-94080A5CCC3A}.Release|Any CPU.Build.0 = Release|Any CPU
	EndGlobalSection
	GlobalSection(SolutionProperties) = preSolution
		HideSolutionNode = FALSE
	EndGlobalSection
	GlobalSection(ExtensibilityGlobals) = postSolution
		SolutionGuid = {89B6EFD8-A1D4-4959-9721-C49334415F47}
	EndGlobalSection
EndGlobal
